
Microsoft Visual Studio Solution File, Format Version 12.00
# Visual Studio Version 17
VisualStudioVersion = 17.12.35527.113
MinimumVisualStudioVersion = 10.0.40219.1
Project("{FAE04EC0-301F-11D3-BF4B-00C04F79EFBC}") = "DAL", "DAL\DAL.csproj", "{82FF6E91-313F-402F-A8F5-1164E7791C60}"
EndProject
Project("{FAE04EC0-301F-11D3-BF4B-00C04F79EFBC}") = "BAL", "BAL\BAL.csproj", "{416CA8E5-6CE9-4B27-B9B1-DE3728D6E3D2}"
EndProject
Project("{FAE04EC0-301F-11D3-BF4B-00C04F79EFBC}") = "UI", "UI\UI.csproj", "{970B989C-4C45-44ED-92E2-FB72CE4FB768}"
EndProject
Project("{FAE04EC0-301F-11D3-BF4B-00C04F79EFBC}") = "Cart", "Cart\Cart.csproj", "{F975C349-2804-4AAB-987C-F1094594FC20}"
EndProject
Global
	GlobalSection(SolutionConfigurationPlatforms) = preSolution
		Debug|Any CPU = Debug|Any CPU
		Release|Any CPU = Release|Any CPU
	EndGlobalSection
	GlobalSection(ProjectConfigurationPlatforms) = postSolution
		{82FF6E91-313F-402F-A8F5-1164E7791C60}.Debug|Any CPU.ActiveCfg = Debug|Any CPU
		{82FF6E91-313F-402F-A8F5-1164E7791C60}.Debug|Any CPU.Build.0 = Debug|Any CPU
		{82FF6E91-313F-402F-A8F5-1164E7791C60}.Release|Any CPU.ActiveCfg = Release|Any CPU
		{82FF6E91-313F-402F-A8F5-1164E7791C60}.Release|Any CPU.Build.0 = Release|Any CPU
		{416CA8E5-6CE9-4B27-B9B1-DE3728D6E3D2}.Debug|Any CPU.ActiveCfg = Debug|Any CPU
		{416CA8E5-6CE9-4B27-B9B1-DE3728D6E3D2}.Debug|Any CPU.Build.0 = Debug|Any CPU
		{416CA8E5-6CE9-4B27-B9B1-DE3728D6E3D2}.Release|Any CPU.ActiveCfg = Release|Any CPU
		{416CA8E5-6CE9-4B27-B9B1-DE3728D6E3D2}.Release|Any CPU.Build.0 = Release|Any CPU
		{970B989C-4C45-44ED-92E2-FB72CE4FB768}.Debug|Any CPU.ActiveCfg = Debug|Any CPU
		{970B989C-4C45-44ED-92E2-FB72CE4FB768}.Debug|Any CPU.Build.0 = Debug|Any CPU
		{970B989C-4C45-44ED-92E2-FB72CE4FB768}.Release|Any CPU.ActiveCfg = Release|Any CPU
		{970B989C-4C45-44ED-92E2-FB72CE4FB768}.Release|Any CPU.Build.0 = Release|Any CPU
		{F975C349-2804-4AAB-987C-F1094594FC20}.Debug|Any CPU.ActiveCfg = Debug|Any CPU
		{F975C349-2804-4AAB-987C-F1094594FC20}.Debug|Any CPU.Build.0 = Debug|Any CPU
		{F975C349-2804-4AAB-987C-F1094594FC20}.Release|Any CPU.ActiveCfg = Release|Any CPU
		{F975C349-2804-4AAB-987C-F1094594FC20}.Release|Any CPU.Build.0 = Release|Any CPU
	EndGlobalSection
	GlobalSection(SolutionProperties) = preSolution
		HideSolutionNode = FALSE
	EndGlobalSection
EndGlobal
